{
    "_readme": [
        "This file locks the dependencies of your project to a known state",
        "Read more about it at https://getcomposer.org/doc/01-basic-usage.md#composer-lock-the-lock-file",
        "This file is @generated automatically"
    ],
    "hash": "3bb0c2edbcf96225f7916696a995c77c",
    "content-hash": "52fd39d9fe7bb86291b737d8f9748040",
    "packages": [
        {
            "name": "entomb/slim-json-api",
            "version": "dev-master",
            "source": {
                "type": "git",
                "url": "https://github.com/entomb/slim-json-api.git",
                "reference": "6c6e79b1ae7e92ff1b224c80aca23f552bc3c3f8"
            },
            "dist": {
                "type": "zip",
                "url": "https://api.github.com/repos/entomb/slim-json-api/zipball/6c6e79b1ae7e92ff1b224c80aca23f552bc3c3f8",
                "reference": "6c6e79b1ae7e92ff1b224c80aca23f552bc3c3f8",
                "shasum": ""
            },
            "require": {
                "php": ">=5.3.0"
            },
            "type": "library",
            "autoload": {
                "classmap": [
                    "jsonAPI/"
                ]
            },
            "notification-url": "https://packagist.org/downloads/",
            "license": [
                "GPL 3.0"
            ],
            "authors": [
                {
                    "name": "Jonathan Tavares",
                    "email": "the.entomb@gmail.com",
                    "homepage": "https://github.com/entomb",
                    "role": "Developer"
                }
            ],
            "description": "Slim extension to implement fast JSON API's",
            "homepage": "https://github.com/entomb/slim-json-api",
            "keywords": [
                "api",
                "json",
                "middleware",
                "slim",
                "view"
            ],
            "time": "2016-01-13 09:56:11"
        },
        {
            "name": "hassankhan/config",
            "version": "0.8.2",
            "source": {
                "type": "git",
                "url": "https://github.com/hassankhan/config.git",
                "reference": "42ba051954745b565306f0f82c57814f54579f8d"
            },
            "dist": {
                "type": "zip",
                "url": "https://api.github.com/repos/hassankhan/config/zipball/42ba051954745b565306f0f82c57814f54579f8d",
                "reference": "42ba051954745b565306f0f82c57814f54579f8d",
                "shasum": ""
            },
            "require": {
                "php": ">=5.3.0"
            },
            "require-dev": {
                "phpunit/phpunit": "~4.0",
                "scrutinizer/ocular": "~1.1",
                "squizlabs/php_codesniffer": "~2.2"
            },
            "suggest": {
                "symfony/yaml": "~2.5"
            },
            "type": "library",
            "autoload": {
                "psr-4": {
                    "Noodlehaus\\": "src"
                }
            },
            "notification-url": "https://packagist.org/downloads/",
            "license": [
                "MIT"
            ],
            "authors": [
                {
                    "name": "Hassan Khan",
                    "homepage": "http://hassankhan.me/",
                    "role": "Developer"
                }
            ],
            "description": "Lightweight configuration file loader that supports PHP, INI, XML, JSON, and YAML files",
            "homepage": "http://hassankhan.me/config/",
            "keywords": [
                "config",
                "configuration",
                "ini",
                "json",
                "microphp",
                "unframework",
                "xml",
                "yaml",
                "yml"
            ],
            "time": "2015-03-21 11:21:39"
        },
        {
            "name": "opb/slim-basic-auth",
            "version": "0.2.2",
            "source": {
                "type": "git",
                "url": "https://github.com/opb/slim-basic-auth.git",
                "reference": "cf5cd64140bbe2280af07210cdca908ee5a71c54"
            },
            "dist": {
                "type": "zip",
                "url": "https://api.github.com/repos/opb/slim-basic-auth/zipball/cf5cd64140bbe2280af07210cdca908ee5a71c54",
                "reference": "cf5cd64140bbe2280af07210cdca908ee5a71c54",
                "shasum": ""
            },
            "require": {
                "php": ">=5.3.0",
                "slim/slim": ">=2.3.0"
            },
            "type": "library",
            "autoload": {
                "psr-4": {
                    "Slim\\Middleware\\": "src/"
                }
            },
            "notification-url": "https://packagist.org/downloads/",
            "license": [
                "MIT"
            ],
            "authors": [
                {
                    "name": "Olly Butterfield",
                    "email": "olly@opb.me.uk",
                    "homepage": "http://www.opb.me.uk"
                }
            ],
            "description": "HTTP Basic Auth Middleware for the Slim PHP Framework",
            "homepage": "https://github.com/opb/slim-basic-auth",
            "keywords": [
                "auth",
                "http auth",
                "middleware",
                "slim"
            ],
            "time": "2015-02-04 19:43:45"
        },
        {
            "name": "phpmailer/phpmailer",
            "version": "v5.2.14",
            "source": {
                "type": "git",
                "url": "https://github.com/PHPMailer/PHPMailer.git",
                "reference": "e774bc9152de85547336e22b8926189e582ece95"
            },
            "dist": {
                "type": "zip",
                "url": "https://api.github.com/repos/PHPMailer/PHPMailer/zipball/e774bc9152de85547336e22b8926189e582ece95",
                "reference": "e774bc9152de85547336e22b8926189e582ece95",
                "shasum": ""
            },
            "require": {
                "php": ">=5.0.0"
            },
            "require-dev": {
                "phpdocumentor/phpdocumentor": "*",
                "phpunit/phpunit": "4.7.*"
            },
            "suggest": {
                "league/oauth2-client": "Needed for XOAUTH2 authentication",
                "league/oauth2-google": "Needed for Gmail XOAUTH2"
            },
            "type": "library",
            "autoload": {
                "classmap": [
                    "class.phpmailer.php",
                    "class.phpmaileroauth.php",
                    "class.phpmaileroauthgoogle.php",
                    "class.smtp.php",
                    "class.pop3.php",
                    "extras/EasyPeasyICS.php",
                    "extras/ntlm_sasl_client.php"
                ]
            },
            "notification-url": "https://packagist.org/downloads/",
            "license": [
                "LGPL-2.1"
            ],
            "authors": [
                {
                    "name": "Jim Jagielski",
                    "email": "jimjag@gmail.com"
                },
                {
                    "name": "Marcus Bointon",
                    "email": "phpmailer@synchromedia.co.uk"
                },
                {
                    "name": "Andy Prevost",
                    "email": "codeworxtech@users.sourceforge.net"
                },
                {
                    "name": "Brent R. Matzelle"
                }
            ],
            "description": "PHPMailer is a full-featured email creation and transfer class for PHP",
            "time": "2015-11-01 10:15:28"
        },
        {
            "name": "slim/slim",
            "version": "2.6.2",
            "source": {
                "type": "git",
                "url": "https://github.com/slimphp/Slim.git",
                "reference": "20a02782f76830b67ae56a5c08eb1f563c351a37"
            },
            "dist": {
                "type": "zip",
                "url": "https://api.github.com/repos/slimphp/Slim/zipball/20a02782f76830b67ae56a5c08eb1f563c351a37",
                "reference": "20a02782f76830b67ae56a5c08eb1f563c351a37",
                "shasum": ""
            },
            "require": {
                "php": ">=5.3.0"
            },
            "suggest": {
                "ext-mcrypt": "Required for HTTP cookie encryption"
            },
            "type": "library",
            "autoload": {
                "psr-0": {
                    "Slim": "."
                }
            },
            "notification-url": "https://packagist.org/downloads/",
            "license": [
                "MIT"
            ],
            "authors": [
                {
                    "name": "Josh Lockhart",
                    "email": "info@joshlockhart.com",
                    "homepage": "http://www.joshlockhart.com/"
                }
            ],
            "description": "Slim Framework, a PHP micro framework",
            "homepage": "http://github.com/codeguy/Slim",
            "keywords": [
                "microframework",
                "rest",
                "router"
            ],
            "time": "2015-03-08 18:41:17"
        }
    ],
    "packages-dev": [],
    "aliases": [],
    "minimum-stability": "stable",
    "stability-flags": {
        "entomb/slim-json-api": 20
    },
    "prefer-stable": false,
    "prefer-lowest": false,
    "platform": [],
    "platform-dev": []
}
